{
  "nodes": {
    "crane": {
      "locked": {
        "lastModified": 1785284101,
        "narHash": "sha256-ghcXEpYEM4a7pbEkoqbn8c0ptJJqgGzuFiG3T6W5g4I=",
        "owner": "ipetkov",
        "repo": "crane",
        "rev": "756d6d07c3818ea95d1e2cdac63fa7d02fe3e61b",
        "type": "github"
      },
      "original": {
        "owner": "ipetkov",
        "repo": "crane",
        "type": "github"
      }
    },
    "devenv": {
      "locked": {
        "dir": "src/modules",
        "lastModified": 1789152246,
        "narHash": "sha256-8ESHEGygXS5lmDepm5cMbmVd8DjcwgwzsmjHc9ffY1c=",
        "owner": "cachix",
        "repo": "devenv",
        "rev": "6e323832a55097670dbd8eed04b1e63efc841dfa",
        "type": "github"
      },
      "original": {
        "dir": "src/modules",
        "owner": "cachix",
        "repo": "devenv",
        "type": "github"
      }
    },
    "dull-nix": {
      "inputs": {
        "flake-utils": "flake-utils",
        "nixpkgs": "nixpkgs"
      },
      "locked": {
        "lastModified": 1786308675,
        "narHash": "sha256-VwxlG4fTdCnbt5Sh9mXXArq7X4xbJCF35SkFmru1ddY=",
        "owner": "dull-ca",
        "repo": "nix",
        "rev": "edd816eda62fcb0e8195bb80c983c49f7ce2aa80",
        "type": "github"
      },
      "original": {
        "owner": "dull-ca",
        "repo": "nix",
        "type": "github"
      }
    },
    "flake-utils": {
      "inputs": {
        "systems": "systems"
      },
      "locked": {
        "lastModified": 1731533236,
        "narHash": "sha256-l0KFg5HjrsfsO/JpG+r7fRrqm12kzFHyUHqHCVpMMbI=",
        "owner": "numtide",
        "repo": "flake-utils",
        "rev": "11707dc2f618dd54ca8739b309ec4fc024de578b",
        "type": "github"
      },
      "original": {
        "owner": "numtide",
        "repo": "flake-utils",
        "type": "github"
      }
    },
    "flake-utils_2": {
      "inputs": {
        "systems": "systems_2"
      },
      "locked": {
        "lastModified": 1731533236,
        "narHash": "sha256-l0KFg5HjrsfsO/JpG+r7fRrqm12kzFHyUHqHCVpMMbI=",
        "owner": "numtide",
        "repo": "flake-utils",
        "rev": "11707dc2f618dd54ca8739b309ec4fc024de578b",
        "type": "github"
      },
      "original": {
        "owner": "numtide",
        "repo": "flake-utils",
        "type": "github"
      }
    },
    "golem": {
      "inputs": {
        "crane": "crane",
        "dull-nix": "dull-nix",
        "flake-utils": "flake-utils_2",
        "nixpkgs": "nixpkgs_2"
      },
      "locked": {
        "lastModified": 1789228000,
        "narHash": "sha256-HQBkr9sDNEoNKBysorl1K14it52t+r2hRsqCm+vwI2c=",
        "owner": "dull-ca",
        "repo": "golem",
        "rev": "71812a4c3ea25f23aa9f59380e1d0162b8b45883",
        "type": "github"
      },
      "original": {
        "owner": "dull-ca",
        "repo": "golem",
        "type": "github"
      }
    },
    "nixpkgs": {
      "locked": {
        "lastModified": 1785602060,
        "narHash": "sha256-z7D96eESRM4CPV/XtwpwFn8IDdfLAmxz6lVWrGYXvR4=",
        "owner": "NixOS",
        "repo": "nixpkgs",
        "rev": "a5cbcfe954791221bfffe2307f7d1a1bf61a871e",
        "type": "github"
      },
      "original": {
        "owner": "NixOS",
        "ref": "nixpkgs-unstable",
        "repo": "nixpkgs",
        "type": "github"
      }
    },
    "nixpkgs_2": {
      "locked": {
        "lastModified": 1784453100,
        "narHash": "sha256-zpGZb8FYui+i8KLtC0nlcmb0voR2zB80Qn8pe7lzIbk=",
        "owner": "NixOS",
        "repo": "nixpkgs",
        "rev": "b471514bed69eff5255c8e63c1f80e5fe56c616f",
        "type": "github"
      },
      "original": {
        "owner": "NixOS",
        "ref": "nixpkgs-unstable",
        "repo": "nixpkgs",
        "type": "github"
      }
    },
    "nixpkgs_3": {
      "locked": {
        "lastModified": 1789073787,
        "narHash": "sha256-xfX/toC2QV707s06GbP4II/TxYF0fNQj7s5/LClNDKc=",
        "owner": "NixOS",
        "repo": "nixpkgs",
        "rev": "aff8a0b28396750446e5537a96461bc4facdb287",
        "type": "github"
      },
      "original": {
        "owner": "NixOS",
        "ref": "nixpkgs-unstable",
        "repo": "nixpkgs",
        "type": "github"
      }
    },
    "root": {
      "inputs": {
        "devenv": "devenv",
        "golem": "golem",
        "nixpkgs": "nixpkgs_3"
      }
    },
    "systems": {
      "locked": {
        "lastModified": 1681028828,
        "narHash": "sha256-Vy1rq5AaRuLzOxct8nz4T6wlgyUR7zLU309k9mBC768=",
        "owner": "nix-systems",
        "repo": "default",
        "rev": "da67096a3b9bf56a91d16901293e51ba5b49a27e",
        "type": "github"
      },
      "original": {
        "owner": "nix-systems",
        "repo": "default",
        "type": "github"
      }
    },
    "systems_2": {
      "locked": {
        "lastModified": 1681028828,
        "narHash": "sha256-Vy1rq5AaRuLzOxct8nz4T6wlgyUR7zLU309k9mBC768=",
        "owner": "nix-systems",
        "repo": "default",
        "rev": "da67096a3b9bf56a91d16901293e51ba5b49a27e",
        "type": "github"
      },
      "original": {
        "owner": "nix-systems",
        "repo": "default",
        "type": "github"
      }
    }
  },
  "root": "root",
  "version": 7
}